{
  "name": "utility",
  "lockfileVersion": 3,
  "requires": true,
  "packages": {
    "": {
      "dependencies": {
        "asmdb": "^0.0.3"
      }
    },
    "node_modules/asmdb": {
      "version": "0.0.3",
      "resolved": "https://registry.npmjs.org/asmdb/-/asmdb-0.0.3.tgz",
      "integrity": "sha512-1Xx49x3lHmXXDiWFJC1Nb0/lyq6d1woD7TzY9gCmb7ZJWQ6H6UKCZby8G884lj5rlikqfwarTH5xHGtogDlXpQ==",
      "engines": {
        "node": ">=4"
      }
    }
  }
}
